
Microsoft Visual Studio Solution File, Format Version 12.00
# Visual Studio Version 16
VisualStudioVersion = 16.0.29411.108
MinimumVisualStudioVersion = 10.0.40219.1
Project("{FAE04EC0-301F-11D3-BF4B-00C04F79EFBC}") = "ZedAPI", "ZedAPI\ZedAPI.csproj", "{1AB5BD16-807C-46C6-9993-67A91394F437}"
EndProject
Global
	GlobalSection(SolutionConfigurationPlatforms) = preSolution
		Debug|Any CPU = Debug|Any CPU
		Release|Any CPU = Release|Any CPU
	EndGlobalSection
	GlobalSection(ProjectConfigurationPlatforms) = postSolution
		{1AB5BD16-807C-46C6-9993-67A91394F437}.Debug|Any CPU.ActiveCfg = Debug|Any CPU
		{1AB5BD16-807C-46C6-9993-67A91394F437}.Debug|Any CPU.Build.0 = Debug|Any CPU
		{1AB5BD16-807C-46C6-9993-67A91394F437}.Release|Any CPU.ActiveCfg = Release|Any CPU
		{1AB5BD16-807C-46C6-9993-67A91394F437}.Release|Any CPU.Build.0 = Release|Any CPU
	EndGlobalSection
	GlobalSection(SolutionProperties) = preSolution
		HideSolutionNode = FALSE
	EndGlobalSection
	GlobalSection(ExtensibilityGlobals) = postSolution
		SolutionGuid = {77B93965-CAE8-444E-B179-25AEEC04DD6D}
	EndGlobalSection
EndGlobal
